Microsoft Visual Studio Solution File, Format Version 12.00
# Visual Studio Version 17
VisualStudioVersion = 17.5.2.0
MinimumVisualStudioVersion = 10.0.40219.1
Project("{2150E333-8FDC-42A3-9474-1A3956D46DE8}") = "DSA", "DSA", "{6397399E-750E-E6DF-CE5C-F0A68ED9EFAF}"
EndProject
Project("{FAE04EC0-301F-11D3-BF4B-00C04F79EFBC}") = "DSAPlayground", "DSA\DSAPlayground\DSAPlayground.csproj", "{60E98EA5-F3D8-A9B9-87D2-1A5FF325E344}"
EndProject
Global
	GlobalSection(SolutionConfigurationPlatforms) = preSolution
		Debug|Any CPU = Debug|Any CPU
		Release|Any CPU = Release|Any CPU
	EndGlobalSection
	GlobalSection(ProjectConfigurationPlatforms) = postSolution
		{60E98EA5-F3D8-A9B9-87D2-1A5FF325E344}.Debug|Any CPU.ActiveCfg = Debug|Any CPU
		{60E98EA5-F3D8-A9B9-87D2-1A5FF325E344}.Debug|Any CPU.Build.0 = Debug|Any CPU
		{60E98EA5-F3D8-A9B9-87D2-1A5FF325E344}.Release|Any CPU.ActiveCfg = Release|Any CPU
		{60E98EA5-F3D8-A9B9-87D2-1A5FF325E344}.Release|Any CPU.Build.0 = Release|Any CPU
	EndGlobalSection
	GlobalSection(SolutionProperties) = preSolution
		HideSolutionNode = FALSE
	EndGlobalSection
	GlobalSection(NestedProjects) = preSolution
		{60E98EA5-F3D8-A9B9-87D2-1A5FF325E344} = {6397399E-750E-E6DF-CE5C-F0A68ED9EFAF}
	EndGlobalSection
	GlobalSection(ExtensibilityGlobals) = postSolution
		SolutionGuid = {5724C105-0382-4DD7-85A3-0D18AC50102F}
	EndGlobalSection
EndGlobal
